Microsoft Visual Studio Solution File, Format Version 12.00
# Visual Studio Version 17
VisualStudioVersion = 17.5.2.0
MinimumVisualStudioVersion = 10.0.40219.1
Project("{FAE04EC0-301F-11D3-BF4B-00C04F79EFBC}") = "WhisperNow", "WhisperNow.csproj", "{E28D970C-E431-867A-F372-341F83F9A79C}"
EndProject
Global
	GlobalSection(SolutionConfigurationPlatforms) = preSolution
		Debug|Any CPU = Debug|Any CPU
		Release|Any CPU = Release|Any CPU
	EndGlobalSection
	GlobalSection(ProjectConfigurationPlatforms) = postSolution
		{E28D970C-E431-867A-F372-341F83F9A79C}.Debug|Any CPU.ActiveCfg = Debug|Any CPU
		{E28D970C-E431-867A-F372-341F83F9A79C}.Debug|Any CPU.Build.0 = Debug|Any CPU
		{E28D970C-E431-867A-F372-341F83F9A79C}.Release|Any CPU.ActiveCfg = Release|Any CPU
		{E28D970C-E431-867A-F372-341F83F9A79C}.Release|Any CPU.Build.0 = Release|Any CPU
	EndGlobalSection
	GlobalSection(SolutionProperties) = preSolution
		HideSolutionNode = FALSE
	EndGlobalSection
	GlobalSection(ExtensibilityGlobals) = postSolution
		SolutionGuid = {3123A687-E672-43AD-8C68-43768C63E381}
	EndGlobalSection
EndGlobal
